// !$*UTF8*$!
{
	archiveVersion = 1;
	classes = {
	};
	objectVersion = 46;
	objects = {

/* Begin PBXBuildFile section */
		80A441EB18DBAB0300CB9081 /* Foundation.framework in Frameworks */ = {isa = PBXBuildFile; fileRef = 80A441EA18DBAB0300CB9081 /* Foundation.framework */; };
		80A441ED18DBAB0300CB9081 /* CoreGraphics.framework in Frameworks */ = {isa = PBXBuildFile; fileRef = 80A441EC18DBAB0300CB9081 /* CoreGraphics.framework */; };
		80A441EF18DBAB0300CB9081 /* UIKit.framework in Frameworks */ = {isa = PBXBuildFile; fileRef = 80A441EE18DBAB0300CB9081 /* UIKit.framework */; };
		80A441F518DBAB0300CB9081 /* InfoPlist.strings in Resources */ = {isa = PBXBuildFile; fileRef = 80A441F318DBAB0300CB9081 /* InfoPlist.strings */; };
		80A441F718DBAB0300CB9081 /* main.m in Sources */ = {isa = PBXBuildFile; fileRef = 80A441F618DBAB0300CB9081 /* main.m */; };
		80A441FB18DBAB0300CB9081 /* THBAppDelegate.m in Sources */ = {isa = PBXBuildFile; fileRef = 80A441FA18DBAB0300CB9081 /* THBAppDelegate.m */; };
		80A441FE18DBAB0300CB9081 /* Main.storyboard in Resources */ = {isa = PBXBuildFile; fileRef = 80A441FC18DBAB0300CB9081 /* Main.storyboard */; };
		80A4420118DBAB0300CB9081 /* THBViewController.m in Sources */ = {isa = PBXBuildFile; fileRef = 80A4420018DBAB0300CB9081 /* THBViewController.m */; };
		80A4420318DBAB0300CB9081 /* Images.xcassets in Resources */ = {isa = PBXBuildFile; fileRef = 80A4420218DBAB0300CB9081 /* Images.xcassets */; };
		80A4420A18DBAB0300CB9081 /* XCTest.framework in Frameworks */ = {isa = PBXBuildFile; fileRef = 80A4420918DBAB0300CB9081 /* XCTest.framework */; };
		80A4420B18DBAB0300CB9081 /* Foundation.framework in Frameworks */ = {isa = PBXBuildFile; fileRef = 80A441EA18DBAB0300CB9081 /* Foundation.framework */; };
		80A4420C18DBAB0300CB9081 /* UIKit.framework in Frameworks */ = {isa = PBXBuildFile; fileRef = 80A441EE18DBAB0300CB9081 /* UIKit.framework */; };
		80A4421418DBAB0300CB9081 /* InfoPlist.strings in Resources */ = {isa = PBXBuildFile; fileRef = 80A4421218DBAB0300CB9081 /* InfoPlist.strings */; };
		80A4421618DBAB0300CB9081 /* UITableViewController_Challenge_SolutionTests.m in Sources */ = {isa = PBXBuildFile; fileRef = 80A4421518DBAB0300CB9081 /* UITableViewController_Challenge_SolutionTests.m */; };
/* End PBXBuildFile section */

/* Begin PBXContainerItemProxy section */
		80A4420D18DBAB0300CB9081 /* PBXContainerItemProxy */ = {
			isa = PBXContainerItemProxy;
			containerPortal = 80A441DF18DBAB0200CB9081 /* Project object */;
			proxyType = 1;
			remoteGlobalIDString = 80A441E618DBAB0300CB9081;
			remoteInfo = "UITableViewController Challenge Solution";
		};
/* End PBXContainerItemProxy section */

/* Begin PBXFileReference section */
		80A441E718DBAB0300CB9081 /* UITableViewController Challenge Solution.app */ = {isa = PBXFileReference; explicitFileType = wrapper.application; includeInIndex = 0; path = "UITableViewController Challenge Solution.app"; sourceTree = BUILT_PRODUCTS_DIR; };
		80A441EA18DBAB0300CB9081 /* Foundation.framework */ = {isa = PBXFileReference; lastKnownFileType = wrapper.framework; name = Foundation.framework; path = System/Library/Frameworks/Foundation.framework; sourceTree = SDKROOT; };
		80A441EC18DBAB0300CB9081 /* CoreGraphics.framework */ = {isa = PBXFileReference; lastKnownFileType = wrapper.framework; name = CoreGraphics.framework; path = System/Library/Frameworks/CoreGraphics.framework; sourceTree = SDKROOT; };
		80A441EE18DBAB0300CB9081 /* UIKit.framework */ = {isa = PBXFileReference; lastKnownFileType = wrapper.framework; name = UIKit.framework; path = System/Library/Frameworks/UIKit.framework; sourceTree = SDKROOT; };
		80A441F218DBAB0300CB9081 /* UITableViewController Challenge Solution-Info.plist */ = {isa = PBXFileReference; lastKnownFileType = text.plist.xml; path = "UITableViewController Challenge Solution-Info.plist"; sourceTree = "<group>"; };
		80A441F418DBAB0300CB9081 /* en */ = {isa = PBXFileReference; lastKnownFileType = text.plist.strings; name = en; path = en.lproj/InfoPlist.strings; sourceTree = "<group>"; };
		80A441F618DBAB0300CB9081 /* main.m */ = {isa = PBXFileReference; lastKnownFileType = sourcecode.c.objc; path = main.m; sourceTree = "<group>"; };
		80A441F818DBAB0300CB9081 /* UITableViewController Challenge Solution-Prefix.pch */ = {isa = PBXFileReference; lastKnownFileType = sourcecode.c.h; path = "UITableViewController Challenge Solution-Prefix.pch"; sourceTree = "<group>"; };
		80A441F918DBAB0300CB9081 /* THBAppDelegate.h */ = {isa = PBXFileReference; lastKnownFileType = sourcecode.c.h; path = THBAppDelegate.h; sourceTree = "<group>"; };
		80A441FA18DBAB0300CB9081 /* THBAppDelegate.m */ = {isa = PBXFileReference; lastKnownFileType = sourcecode.c.objc; path = THBAppDelegate.m; sourceTree = "<group>"; };
		80A441FD18DBAB0300CB9081 /* Base */ = {isa = PBXFileReference; lastKnownFileType = file.storyboard; name = Base; path = Base.lproj/Main.storyboard; sourceTree = "<group>"; };
		80A441FF18DBAB0300CB9081 /* THBViewController.h */ = {isa = PBXFileReference; lastKnownFileType = sourcecode.c.h; path = THBViewController.h; sourceTree = "<group>"; };
		80A4420018DBAB0300CB9081 /* THBViewController.m */ = {isa = PBXFileReference; lastKnownFileType = sourcecode.c.objc; path = THBViewController.m; sourceTree = "<group>"; };
		80A4420218DBAB0300CB9081 /* Images.xcassets */ = {isa = PBXFileReference; lastKnownFileType = folder.assetcatalog; path = Images.xcassets; sourceTree = "<group>"; };
		80A4420818DBAB0300CB9081 /* UITableViewController Challenge SolutionTests.xctest */ = {isa = PBXFileReference; explicitFileType = wrapper.cfbundle; includeInIndex = 0; path = "UITableViewController Challenge SolutionTests.xctest"; sourceTree = BUILT_PRODUCTS_DIR; };
		80A4420918DBAB0300CB9081 /* XCTest.framework */ = {isa = PBXFileReference; lastKnownFileType = wrapper.framework; name = XCTest.framework; path = Library/Frameworks/XCTest.framework; sourceTree = DEVELOPER_DIR; };
		80A4421118DBAB0300CB9081 /* UITableViewController Challenge SolutionTests-Info.plist */ = {isa = PBXFileReference; lastKnownFileType = text.plist.xml; path = "UITableViewController Challenge SolutionTests-Info.plist"; sourceTree = "<group>"; };
		80A4421318DBAB0300CB9081 /* en */ = {isa = PBXFileReference; lastKnownFileType = text.plist.strings; name = en; path = en.lproj/InfoPlist.strings; sourceTree = "<group>"; };
		80A4421518DBAB0300CB9081 /* UITableViewController_Challenge_SolutionTests.m */ = {isa = PBXFileReference; lastKnownFileType = sourcecode.c.objc; path = UITableViewController_Challenge_SolutionTests.m; sourceTree = "<group>"; };
/* End PBXFileReference section */

/* Begin PBXFrameworksBuildPhase section */
		80A441E418DBAB0300CB9081 /* Frameworks */ = {
			isa = PBXFrameworksBuildPhase;
			buildActionMask = 2147483647;
			files = (
				80A441ED18DBAB0300CB9081 /* CoreGraphics.framework in Frameworks */,
				80A441EF18DBAB0300CB9081 /* UIKit.framework in Frameworks */,
				80A441EB18DBAB0300CB9081 /* Foundation.framework in Frameworks */,
			);
			runOnlyForDeploymentPostprocessing = 0;
		};
		80A4420518DBAB0300CB9081 /* Frameworks */ = {
			isa = PBXFrameworksBuildPhase;
			buildActionMask = 2147483647;
			files = (
				80A4420A18DBAB0300CB9081 /* XCTest.framework in Frameworks */,
				80A4420C18DBAB0300CB9081 /* UIKit.framework in Frameworks */,
				80A4420B18DBAB0300CB9081 /* Foundation.framework in Frameworks */,
			);
			runOnlyForDeploymentPostprocessing = 0;
		};
/* End PBXFrameworksBuildPhase section */

/* Begin PBXGroup section */
		80A441DE18DBAB0200CB9081 = {
			isa = PBXGroup;
			children = (
				80A441F018DBAB0300CB9081 /* UITableViewController Challenge Solution */,
				80A4420F18DBAB0300CB9081 /* UITableViewController Challenge SolutionTests */,
				80A441E918DBAB0300CB9081 /* Frameworks */,
				80A441E818DBAB0300CB9081 /* Products */,
			);
			sourceTree = "<group>";
		};
		80A441E818DBAB0300CB9081 /* Products */ = {
			isa = PBXGroup;
			children = (
				80A441E718DBAB0300CB9081 /* UITableViewController Challenge Solution.app */,
				80A4420818DBAB0300CB9081 /* UITableViewController Challenge SolutionTests.xctest */,
			);
			name = Products;
			sourceTree = "<group>";
		};
		80A441E918DBAB0300CB9081 /* Frameworks */ = {
			isa = PBXGroup;
			children = (
				80A441EA18DBAB0300CB9081 /* Foundation.framework */,
				80A441EC18DBAB0300CB9081 /* CoreGraphics.framework */,
				80A441EE18DBAB0300CB9081 /* UIKit.framework */,
				80A4420918DBAB0300CB9081 /* XCTest.framework */,
			);
			name = Frameworks;
			sourceTree = "<group>";
		};
		80A441F018DBAB0300CB9081 /* UITableViewController Challenge Solution */ = {
			isa = PBXGroup;
			children = (
				80A441F918DBAB0300CB9081 /* THBAppDelegate.h */,
				80A441FA18DBAB0300CB9081 /* THBAppDelegate.m */,
				80A441FC18DBAB0300CB9081 /* Main.storyboard */,
				80A441FF18DBAB0300CB9081 /* THBViewController.h */,
				80A4420018DBAB0300CB9081 /* THBViewController.m */,
				80A4420218DBAB0300CB9081 /* Images.xcassets */,
				80A441F118DBAB0300CB9081 /* Supporting Files */,
			);
			path = "UITableViewController Challenge Solution";
			sourceTree = "<group>";
		};
		80A441F118DBAB0300CB9081 /* Supporting Files */ = {
			isa = PBXGroup;
			children = (
				80A441F218DBAB0300CB9081 /* UITableViewController Challenge Solution-Info.plist */,
				80A441F318DBAB0300CB9081 /* InfoPlist.strings */,
				80A441F618DBAB0300CB9081 /* main.m */,
				80A441F818DBAB0300CB9081 /* UITableViewController Challenge Solution-Prefix.pch */,
			);
			name = "Supporting Files";
			sourceTree = "<group>";
		};
		80A4420F18DBAB0300CB9081 /* UITableViewController Challenge SolutionTests */ = {
			isa = PBXGroup;
			children = (
				80A4421518DBAB0300CB9081 /* UITableViewController_Challenge_SolutionTests.m */,
				80A4421018DBAB0300CB9081 /* Supporting Files */,
			);
			path = "UITableViewController Challenge SolutionTests";
			sourceTree = "<group>";
		};
		80A4421018DBAB0300CB9081 /* Supporting Files */ = {
			isa = PBXGroup;
			children = (
				80A4421118DBAB0300CB9081 /* UITableViewController Challenge SolutionTests-Info.plist */,
				80A4421218DBAB0300CB9081 /* InfoPlist.strings */,
			);
			name = "Supporting Files";
			sourceTree = "<group>";
		};
/* End PBXGroup section */

/* Begin PBXNativeTarget section */
		80A441E618DBAB0300CB9081 /* UITableViewController Challenge Solution */ = {
			isa = PBXNativeTarget;
			buildConfigurationList = 80A4421918DBAB0300CB9081 /* Build configuration list for PBXNativeTarget "UITableViewController Challenge Solution" */;
			buildPhases = (
				80A441E318DBAB0300CB9081 /* Sources */,
				80A441E418DBAB0300CB9081 /* Frameworks */,
				80A441E518DBAB0300CB9081 /* Resources */,
			);
			buildRules = (
			);
			dependencies = (
			);
			name = "UITableViewController Challenge Solution";
			productName = "UITableViewController Challenge Solution";
			productReference = 80A441E718DBAB0300CB9081 /* UITableViewController Challenge Solution.app */;
			productType = "com.apple.product-type.application";
		};
		80A4420718DBAB0300CB9081 /* UITableViewController Challenge SolutionTests */ = {
			isa = PBXNativeTarget;
			buildConfigurationList = 80A4421C18DBAB0300CB9081 /* Build configuration list for PBXNativeTarget "UITableViewController Challenge SolutionTests" */;
			buildPhases = (
				80A4420418DBAB0300CB9081 /* Sources */,
				80A4420518DBAB0300CB9081 /* Frameworks */,
				80A4420618DBAB0300CB9081 /* Resources */,
			);
			buildRules = (
			);
			dependencies = (
				80A4420E18DBAB0300CB9081 /* PBXTargetDependency */,
			);
			name = "UITableViewController Challenge SolutionTests";
			productName = "UITableViewController Challenge SolutionTests";
			productReference = 80A4420818DBAB0300CB9081 /* UITableViewController Challenge SolutionTests.xctest */;
			productType = "com.apple.product-type.bundle.unit-test";
		};
/* End PBXNativeTarget section */

/* Begin PBXProject section */
		80A441DF18DBAB0200CB9081 /* Project object */ = {
			isa = PBXProject;
			attributes = {
				CLASSPREFIX = THB;
				LastUpgradeCheck = 0510;
				TargetAttributes = {
					80A4420718DBAB0300CB9081 = {
						TestTargetID = 80A441E618DBAB0300CB9081;
					};
				};
			};
			buildConfigurationList = 80A441E218DBAB0200CB9081 /* Build configuration list for PBXProject "UITableViewController Challenge Solution" */;
			compatibilityVersion = "Xcode 3.2";
			developmentRegion = English;
			hasScannedForEncodings = 0;
			knownRegions = (
				en,
				Base,
			);
			mainGroup = 80A441DE18DBAB0200CB9081;
			productRefGroup = 80A441E818DBAB0300CB9081 /* Products */;
			projectDirPath = "";
			projectRoot = "";
			targets = (
				80A441E618DBAB0300CB9081 /* UITableViewController Challenge Solution */,
				80A4420718DBAB0300CB9081 /* UITableViewController Challenge SolutionTests */,
			);
		};
/* End PBXProject section */

/* Begin PBXResourcesBuildPhase section */
		80A441E518DBAB0300CB9081 /* Resources */ = {
			isa = PBXResourcesBuildPhase;
			buildActionMask = 2147483647;
			files = (
				80A4420318DBAB0300CB9081 /* Images.xcassets in Resources */,
				80A441F518DBAB0300CB9081 /* InfoPlist.strings in Resources */,
				80A441FE18DBAB0300CB9081 /* Main.storyboard in Resources */,
			);
			runOnlyForDeploymentPostprocessing = 0;
		};
		80A4420618DBAB0300CB9081 /* Resources */ = {
			isa = PBXResourcesBuildPhase;
			buildActionMask = 2147483647;
			files = (
				80A4421418DBAB0300CB9081 /* InfoPlist.strings in Resources */,
			);
			runOnlyForDeploymentPostprocessing = 0;
		};
/* End PBXResourcesBuildPhase section */

/* Begin PBXSourcesBuildPhase section */
		80A441E318DBAB0300CB9081 /* Sources */ = {
			isa = PBXSourcesBuildPhase;
			buildActionMask = 2147483647;
			files = (
				80A4420118DBAB0300CB9081 /* THBViewController.m in Sources */,
				80A441F718DBAB0300CB9081 /* main.m in Sources */,
				80A441FB18DBAB0300CB9081 /* THBAppDelegate.m in Sources */,
			);
			runOnlyForDeploymentPostprocessing = 0;
		};
		80A4420418DBAB0300CB9081 /* Sources */ = {
			isa = PBXSourcesBuildPhase;
			buildActionMask = 2147483647;
			files = (
				80A4421618DBAB0300CB9081 /* UITableViewController_Challenge_SolutionTests.m in Sources */,
			);
			runOnlyForDeploymentPostprocessing = 0;
		};
/* End PBXSourcesBuildPhase section */

/* Begin PBXTargetDependency section */
		80A4420E18DBAB0300CB9081 /* PBXTargetDependency */ = {
			isa = PBXTargetDependency;
			target = 80A441E618DBAB0300CB9081 /* UITableViewController Challenge Solution */;
			targetProxy = 80A4420D18DBAB0300CB9081 /* PBXContainerItemProxy */;
		};
/* End PBXTargetDependency section */

/* Begin PBXVariantGroup section */
		80A441F318DBAB0300CB9081 /* InfoPlist.strings */ = {
			isa = PBXVariantGroup;
			children = (
				80A441F418DBAB0300CB9081 /* en */,
			);
			name = InfoPlist.strings;
			sourceTree = "<group>";
		};
		80A441FC18DBAB0300CB9081 /* Main.storyboard */ = {
			isa = PBXVariantGroup;
			children = (
				80A441FD18DBAB0300CB9081 /* Base */,
			);
			name = Main.storyboard;
			sourceTree = "<group>";
		};
		80A4421218DBAB0300CB9081 /* InfoPlist.strings */ = {
			isa = PBXVariantGroup;
			children = (
				80A4421318DBAB0300CB9081 /* en */,
			);
			name = InfoPlist.strings;
			sourceTree = "<group>";
		};
/* End PBXVariantGroup section */

/* Begin XCBuildConfiguration section */
		80A4421718DBAB0300CB9081 /* Debug */ = {
			isa = XCBuildConfiguration;
			buildSettings = {
				ALWAYS_SEARCH_USER_PATHS = NO;
				CLANG_CXX_LANGUAGE_STANDARD = "gnu++0x";
				CLANG_CXX_LIBRARY = "libc++";
				CLANG_ENABLE_MODULES = YES;
				CLANG_ENABLE_OBJC_ARC = YES;
				CLANG_WARN_BOOL_CONVERSION = YES;
				CLANG_WARN_CONSTANT_CONVERSION = YES;
				CLANG_WARN_DIRECT_OBJC_ISA_USAGE = YES_ERROR;
				CLANG_WARN_EMPTY_BODY = YES;
				CLANG_WARN_ENUM_CONVERSION = YES;
				CLANG_WARN_INT_CONVERSION = YES;
				CLANG_WARN_OBJC_ROOT_CLASS = YES_ERROR;
				CLANG_WARN__DUPLICATE_METHOD_MATCH = YES;
				"CODE_SIGN_IDENTITY[sdk=iphoneos*]" = "iPhone Developer";
				COPY_PHASE_STRIP = NO;
				GCC_C_LANGUAGE_STANDARD = gnu99;
				GCC_DYNAMIC_NO_PIC = NO;
				GCC_OPTIMIZATION_LEVEL = 0;
				GCC_PREPROCESSOR_DEFINITIONS = (
					"DEBUG=1",
					"$(inherited)",
				);
				GCC_SYMBOLS_PRIVATE_EXTERN = NO;
				GCC_WARN_64_TO_32_BIT_CONVERSION = YES;
				GCC_WARN_ABOUT_RETURN_TYPE = YES_ERROR;
				GCC_WARN_UNDECLARED_SELECTOR = YES;
				GCC_WARN_UNINITIALIZED_AUTOS = YES_AGGRESSIVE;
				GCC_WARN_UNUSED_FUNCTION = YES;
				GCC_WARN_UNUSED_VARIABLE = YES;
				IPHONEOS_DEPLOYMENT_TARGET = 7.1;
				ONLY_ACTIVE_ARCH = YES;
				SDKROOT = iphoneos;
			};
			name = Debug;
		};
		80A4421818DBAB0300CB9081 /* Release */ = {
			isa = XCBuildConfiguration;
			buildSettings = {
				ALWAYS_SEARCH_USER_PATHS = NO;
				CLANG_CXX_LANGUAGE_STANDARD = "gnu++0x";
				CLANG_CXX_LIBRARY = "libc++";
				CLANG_ENABLE_MODULES = YES;
				CLANG_ENABLE_OBJC_ARC = YES;
				CLANG_WARN_BOOL_CONVERSION = YES;
				CLANG_WARN_CONSTANT_CONVERSION = YES;
				CLANG_WARN_DIRECT_OBJC_ISA_USAGE = YES_ERROR;
				CLANG_WARN_EMPTY_BODY = YES;
				CLANG_WARN_ENUM_CONVERSION = YES;
				CLANG_WARN_INT_CONVERSION = YES;
				CLANG_WARN_OBJC_ROOT_CLASS = YES_ERROR;
				CLANG_WARN__DUPLICATE_METHOD_MATCH = YES;
				"CODE_SIGN_IDENTITY[sdk=iphoneos*]" = "iPhone Developer";
				COPY_PHASE_STRIP = YES;
				ENABLE_NS_ASSERTIONS = NO;
				GCC_C_LANGUAGE_STANDARD = gnu99;
				GCC_WARN_64_TO_32_BIT_CONVERSION = YES;
				GCC_WARN_ABOUT_RETURN_TYPE = YES_ERROR;
				GCC_WARN_UNDECLARED_SELECTOR = YES;
				GCC_WARN_UNINITIALIZED_AUTOS = YES_AGGRESSIVE;
				GCC_WARN_UNUSED_FUNCTION = YES;
				GCC_WARN_UNUSED_VARIABLE = YES;
				IPHONEOS_DEPLOYMENT_TARGET = 7.1;
				SDKROOT = iphoneos;
				VALIDATE_PRODUCT = YES;
			};
			name = Release;
		};
		80A4421A18DBAB0300CB9081 /* Debug */ = {
			isa = XCBuildConfiguration;
			buildSettings = {
				ASSETCATALOG_COMPILER_APPICON_NAME = AppIcon;
				ASSETCATALOG_COMPILER_LAUNCHIMAGE_NAME = LaunchImage;
				GCC_PRECOMPILE_PREFIX_HEADER = YES;
				GCC_PREFIX_HEADER = "UITableViewController Challenge Solution/UITableViewController Challenge Solution-Prefix.pch";
				INFOPLIST_FILE = "UITableViewController Challenge Solution/UITableViewController Challenge Solution-Info.plist";
				PRODUCT_NAME = "$(TARGET_NAME)";
				WRAPPER_EXTENSION = app;
			};
			name = Debug;
		};
		80A4421B18DBAB0300CB9081 /* Release */ = {
			isa = XCBuildConfiguration;
			buildSettings = {
				ASSETCATALOG_COMPILER_APPICON_NAME = AppIcon;
				ASSETCATALOG_COMPILER_LAUNCHIMAGE_NAME = LaunchImage;
				GCC_PRECOMPILE_PREFIX_HEADER = YES;
				GCC_PREFIX_HEADER = "UITableViewController Challenge Solution/UITableViewController Challenge Solution-Prefix.pch";
				INFOPLIST_FILE = "UITableViewController Challenge Solution/UITableViewController Challenge Solution-Info.plist";
				PRODUCT_NAME = "$(TARGET_NAME)";
				WRAPPER_EXTENSION = app;
			};
			name = Release;
		};
		80A4421D18DBAB0300CB9081 /* Debug */ = {
			isa = XCBuildConfiguration;
			buildSettings = {
				BUNDLE_LOADER = "$(BUILT_PRODUCTS_DIR)/UITableViewController Challenge Solution.app/UITableViewController Challenge Solution";
				FRAMEWORK_SEARCH_PATHS = (
					"$(SDKROOT)/Developer/Library/Frameworks",
					"$(inherited)",
					"$(DEVELOPER_FRAMEWORKS_DIR)",
				);
				GCC_PRECOMPILE_PREFIX_HEADER = YES;
				GCC_PREFIX_HEADER = "UITableViewController Challenge Solution/UITableViewController Challenge Solution-Prefix.pch";
				GCC_PREPROCESSOR_DEFINITIONS = (
					"DEBUG=1",
					"$(inherited)",
				);
				INFOPLIST_FILE = "UITableViewController Challenge SolutionTests/UITableViewController Challenge SolutionTests-Info.plist";
				PRODUCT_NAME = "$(TARGET_NAME)";
				TEST_HOST = "$(BUNDLE_LOADER)";
				WRAPPER_EXTENSION = xctest;
			};
			name = Debug;
		};
		80A4421E18DBAB0300CB9081 /* Release */ = {
			isa = XCBuildConfiguration;
			buildSettings = {
				BUNDLE_LOADER = "$(BUILT_PRODUCTS_DIR)/UITableViewController Challenge Solution.app/UITableViewController Challenge Solution";
				FRAMEWORK_SEARCH_PATHS = (
					"$(SDKROOT)/Developer/Library/Frameworks",
					"$(inherited)",
					"$(DEVELOPER_FRAMEWORKS_DIR)",
				);
				GCC_PRECOMPILE_PREFIX_HEADER = YES;
				GCC_PREFIX_HEADER = "UITableViewController Challenge Solution/UITableViewController Challenge Solution-Prefix.pch";
				INFOPLIST_FILE = "UITableViewController Challenge SolutionTests/UITableViewController Challenge SolutionTests-Info.plist";
				PRODUCT_NAME = "$(TARGET_NAME)";
				TEST_HOST = "$(BUNDLE_LOADER)";
				WRAPPER_EXTENSION = xctest;
			};
			name = Release;
		};
/* End XCBuildConfiguration section */

/* Begin XCConfigurationList section */
		80A441E218DBAB0200CB9081 /* Build configuration list for PBXProject "UITableViewController Challenge Solution" */ = {
			isa = XCConfigurationList;
			buildConfigurations = (
				80A4421718DBAB0300CB9081 /* Debug */,
				80A4421818DBAB0300CB9081 /* Release */,
			);
			defaultConfigurationIsVisible = 0;
			defaultConfigurationName = Release;
		};
		80A4421918DBAB0300CB9081 /* Build configuration list for PBXNativeTarget "UITableViewController Challenge Solution" */ = {
			isa = XCConfigurationList;
			buildConfigurations = (
				80A4421A18DBAB0300CB9081 /* Debug */,
				80A4421B18DBAB0300CB9081 /* Release */,
			);
			defaultConfigurationIsVisible = 0;
		};
		80A4421C18DBAB0300CB9081 /* Build configuration list for PBXNativeTarget "UITableViewController Challenge SolutionTests" */ = {
			isa = XCConfigurationList;
			buildConfigurations = (
				80A4421D18DBAB0300CB9081 /* Debug */,
				80A4421E18DBAB0300CB9081 /* Release */,
			);
			defaultConfigurationIsVisible = 0;
		};
/* End XCConfigurationList section */
	};
	rootObject = 80A441DF18DBAB0200CB9081 /* Project object */;
}
